
Microsoft Visual Studio Solution File, Format Version 12.00
# Visual Studio Version 17
VisualStudioVersion = 17.4.33110.190
MinimumVisualStudioVersion = 10.0.40219.1
Project("{FAE04EC0-301F-11D3-BF4B-00C04F79EFBC}") = "CSharpBasicProgram", "CSharpBasicProgram\CSharpBasicProgram.csproj", "{170355C0-0AF9-4D2D-A7B7-5CBBC74098B9}"
EndProject
Global
	GlobalSection(SolutionConfigurationPlatforms) = preSolution
		Debug|Any CPU = Debug|Any CPU
		Release|Any CPU = Release|Any CPU
	EndGlobalSection
	GlobalSection(ProjectConfigurationPlatforms) = postSolution
		{170355C0-0AF9-4D2D-A7B7-5CBBC74098B9}.Debug|Any CPU.ActiveCfg = Debug|Any CPU
		{170355C0-0AF9-4D2D-A7B7-5CBBC74098B9}.Debug|Any CPU.Build.0 = Debug|Any CPU
		{170355C0-0AF9-4D2D-A7B7-5CBBC74098B9}.Release|Any CPU.ActiveCfg = Release|Any CPU
		{170355C0-0AF9-4D2D-A7B7-5CBBC74098B9}.Release|Any CPU.Build.0 = Release|Any CPU
	EndGlobalSection
	GlobalSection(SolutionProperties) = preSolution
		HideSolutionNode = FALSE
	EndGlobalSection
	GlobalSection(ExtensibilityGlobals) = postSolution
		SolutionGuid = {8D28CBEB-E844-4C0B-9256-384E9BBF2A93}
	EndGlobalSection
EndGlobal
